
Microsoft Visual Studio Solution File, Format Version 12.00
# Visual Studio Version 17
VisualStudioVersion = 17.0.32112.339
MinimumVisualStudioVersion = 10.0.40219.1
Project("{9A19103F-16F7-4668-BE54-9A1E7A4F7556}") = "Midterm_ByteConversion", "Conversion\Midterm_ByteConversion.csproj", "{9B08B3FA-658A-428D-AF0B-3334C982F75C}"
EndProject
Project("{FAE04EC0-301F-11D3-BF4B-00C04F79EFBC}") = "Midterm_ByteConversionTests", "ConversionTests\Midterm_ByteConversionTests.csproj", "{147AA0C5-0B0C-49F2-9DBD-E4C5EBF5D7FB}"
EndProject
Global
	GlobalSection(SolutionConfigurationPlatforms) = preSolution
		Debug|Any CPU = Debug|Any CPU
		Release|Any CPU = Release|Any CPU
	EndGlobalSection
	GlobalSection(ProjectConfigurationPlatforms) = postSolution
		{9B08B3FA-658A-428D-AF0B-3334C982F75C}.Debug|Any CPU.ActiveCfg = Debug|Any CPU
		{9B08B3FA-658A-428D-AF0B-3334C982F75C}.Debug|Any CPU.Build.0 = Debug|Any CPU
		{9B08B3FA-658A-428D-AF0B-3334C982F75C}.Release|Any CPU.ActiveCfg = Release|Any CPU
		{9B08B3FA-658A-428D-AF0B-3334C982F75C}.Release|Any CPU.Build.0 = Release|Any CPU
		{147AA0C5-0B0C-49F2-9DBD-E4C5EBF5D7FB}.Debug|Any CPU.ActiveCfg = Debug|Any CPU
		{147AA0C5-0B0C-49F2-9DBD-E4C5EBF5D7FB}.Debug|Any CPU.Build.0 = Debug|Any CPU
		{147AA0C5-0B0C-49F2-9DBD-E4C5EBF5D7FB}.Release|Any CPU.ActiveCfg = Release|Any CPU
		{147AA0C5-0B0C-49F2-9DBD-E4C5EBF5D7FB}.Release|Any CPU.Build.0 = Release|Any CPU
	EndGlobalSection
	GlobalSection(SolutionProperties) = preSolution
		HideSolutionNode = FALSE
	EndGlobalSection
	GlobalSection(ExtensibilityGlobals) = postSolution
		SolutionGuid = {5B6FA92A-DF85-4FE9-93ED-E8B43BC68A3A}
	EndGlobalSection
EndGlobal
